{
  "originHash" : "ca4d3068d1efba15eb65d48cc481407e4dc6a50356c5b33fa0637ec120001357",
  "pins" : [
    {
      "identity" : "fff-swift",
      "kind" : "remoteSourceControl",
      "location" : "https://github.com/vmg-dev/fff-swift",
      "state" : {
        "revision" : "dbc38f5c81f44d0c7bac434f1f247ca01f1dfc9c",
        "version" : "0.2.1"
      }
    }
  ],
  "version" : 3
}
