{
  "originHash" : "1d4c20737eb537f802d98198de1394d49c9f148f86ef2ea32c04bc9ab494713c",
  "pins" : [
    {
      "identity" : "fff-swift",
      "kind" : "remoteSourceControl",
      "location" : "https://github.com/vmg-dev/fff-swift",
      "state" : {
        "revision" : "c446afc5344acf06b3a90d2262f094cc36c6068e",
        "version" : "0.2.0"
      }
    }
  ],
  "version" : 3
}
